{
    "_readme": [
        "This file locks the dependencies of your project to a known state",
        "Read more about it at https://getcomposer.org/doc/01-basic-usage.md#installing-dependencies",
        "This file is @generated automatically"
    ],
    "content-hash": "8f2d0fc41b4590e252bf8d597729e7c2",
    "packages": [
        {
            "name": "jwilsson/spotify-web-api-php",
            "version": "4.0.0",
            "source": {
                "type": "git",
                "url": "https://github.com/jwilsson/spotify-web-api-php.git",
                "reference": "de3ca3b582f7fc8d57a943c40416bf1844a1df81"
            },
            "dist": {
                "type": "zip",
                "url": "https://api.github.com/repos/jwilsson/spotify-web-api-php/zipball/de3ca3b582f7fc8d57a943c40416bf1844a1df81",
                "reference": "de3ca3b582f7fc8d57a943c40416bf1844a1df81",
                "shasum": ""
            },
            "require": {
                "ext-curl": "*",
                "php": "^7.2 || ^8.0"
            },
            "require-dev": {
                "php-coveralls/php-coveralls": "^2.0",
                "phpunit/phpunit": "^8.5",
                "squizlabs/php_codesniffer": "^3.0"
            },
            "type": "library",
            "autoload": {
                "psr-4": {
                    "SpotifyWebAPI\\": "src/"
                }
            },
            "notification-url": "https://packagist.org/downloads/",
            "license": [
                "MIT"
            ],
            "authors": [
                {
                    "name": "Jonathan Wilsson",
                    "email": "jonathan.wilsson@gmail.com"
                }
            ],
            "description": "A PHP wrapper for Spotify's Web API.",
            "homepage": "https://github.com/jwilsson/spotify-web-api-php",
            "keywords": [
                "spotify"
            ],
            "time": "2020-11-30T18:15:08+00:00"
        },
        {
            "name": "telegram-bot/api",
            "version": "v2.3.17",
            "source": {
                "type": "git",
                "url": "https://github.com/TelegramBot/Api.git",
                "reference": "9453b4e050db779a156aec37ba3a41937cca257e"
            },
            "dist": {
                "type": "zip",
                "url": "https://api.github.com/repos/TelegramBot/Api/zipball/9453b4e050db779a156aec37ba3a41937cca257e",
                "reference": "9453b4e050db779a156aec37ba3a41937cca257e",
                "shasum": ""
            },
            "require": {
                "ext-curl": "*",
                "php": ">=5.5.0"
            },
            "require-dev": {
                "codeception/codeception": "*",
                "phpunit/phpunit": "~4.0",
                "squizlabs/php_codesniffer": "2.*"
            },
            "type": "library",
            "extra": {
                "branch-alias": {
                    "dev-master": "1.0-dev"
                }
            },
            "autoload": {
                "psr-4": {
                    "TelegramBot\\Api\\": "src"
                }
            },
            "notification-url": "https://packagist.org/downloads/",
            "license": [
                "MIT"
            ],
            "authors": [
                {
                    "name": "Ilya Gusev",
                    "email": "mail@igusev.ru",
                    "homepage": "https://php-cat.com",
                    "role": "Developer"
                }
            ],
            "description": "PHP Wrapper for Telegram Bot API",
            "homepage": "https://github.com/TelegramBot/Api",
            "keywords": [
                "bot",
                "bot api",
                "php",
                "telegram"
            ],
            "time": "2020-09-04T12:56:09+00:00"
        }
    ],
    "packages-dev": [],
    "aliases": [],
    "minimum-stability": "stable",
    "stability-flags": [],
    "prefer-stable": false,
    "prefer-lowest": false,
    "platform": [],
    "platform-dev": [],
    "plugin-api-version": "1.1.0"
}
